{
  "name": "gameplaiwebpackexample",
  "version": "1.0.0",
  "lockfileVersion": 1,
  "requires": true,
  "dependencies": {
    "@gameplai/example-bet-selector": {
      "version": "0.0.21",
      "resolved": "https://registry.npmjs.org/@gameplai/example-bet-selector/-/example-bet-selector-0.0.21.tgz",
      "integrity": "sha512-EybnUGNsjp+jXP6Mx6bap6mAwP5XTS0uKmkvgTblu1q3ewc3yUgJ6fT4FhljGJ3j1o/ZYFt/FwYxKJyCCvAMrA=="
    }
  }
}
